{
    "name": "boilerplate",
    "version": "1.0.0",
    "lockfileVersion": 2,
    "requires": true,
    "packages": {
        "": {
            "name": "boilerplate",
            "version": "1.0.0",
            "license": "MIT",
            "devDependencies": {
                "@md-to-latex/converter": "^1.0.1",
                "@md-to-latex/title": "^1.0.1",
                "@types/node": "^16.9.6",
                "prettier": "^2.4.1",
                "typescript": "^4.4.3"
            }
        },
        "node_modules/@expo-google-fonts/arimo": {
            "version": "0.2.0",
            "resolved": "https://registry.npmjs.org/@expo-google-fonts/arimo/-/arimo-0.2.0.tgz",
            "integrity": "sha512-SZ7XEonU/s5SeCdomwWUeFsu+R3deUi67rHlqxE/UjlJ427+FYnBZbADPnJQufBUl1iOyeEHysHe2W11uHVV0w==",
            "dev": true
        },
        "node_modules/@expo-google-fonts/cousine": {
            "version": "0.2.0",
            "resolved": "https://registry.npmjs.org/@expo-google-fonts/cousine/-/cousine-0.2.0.tgz",
            "integrity": "sha512-07F4hULekQURmKsupWQRHI4Xlj1x+luEyKYsvNsEPzQbKF2ufDCbbI4jjebFTzk0NpRtF8fBxSXlqaiOUEdLlw==",
            "dev": true
        },
        "node_modules/@expo-google-fonts/tinos": {
            "version": "0.2.0",
            "resolved": "https://registry.npmjs.org/@expo-google-fonts/tinos/-/tinos-0.2.0.tgz",
            "integrity": "sha512-p/RoJd2x/zE1H5ukSTCm1u0HtJyIYgWa/Y2LOFCbzH1ylY+lmCGIjVYYXKnKc82H5rMj7Lcf2RO2TnsV3oRAVg==",
            "dev": true
        },
        "node_modules/@md-to-latex/converter": {
            "version": "1.0.1",
            "resolved": "https://registry.npmjs.org/@md-to-latex/converter/-/converter-1.0.1.tgz",
            "integrity": "sha512-xZjanZ10MR/3afP2eTMncS4HXTPPE0DhJ6yv2sVUg9z3MlVBKJe9VJh8CHbaSXkJTh8oKWCS/zFwrZ0Fu2j1dA==",
            "dev": true,
            "dependencies": {
                "js-yaml": "^4.1.0",
                "json5": "^2.2.0",
                "jsonschema": "^1.4.0",
                "marked": "^3.0.3"
            },
            "bin": {
                "md-to-latex": "dist/cli.js"
            }
        },
        "node_modules/@md-to-latex/title": {
            "version": "1.0.1",
            "resolved": "https://registry.npmjs.org/@md-to-latex/title/-/title-1.0.1.tgz",
            "integrity": "sha512-Lastfi3etKAaB6rq62tk40Lo1U6R7yk9s6RWZi80NOF/ykFgYaJeCUDB3/qdR2JXuQZaIGEVWK6T3vS29t7ulQ==",
            "dev": true,
            "dependencies": {
                "@expo-google-fonts/arimo": "^0.2.0",
                "@expo-google-fonts/cousine": "^0.2.0",
                "@expo-google-fonts/tinos": "^0.2.0",
                "js-yaml": "^4.1.0",
                "json5": "^2.2.0",
                "jsonschema": "^1.4.0"
            }
        },
        "node_modules/@types/node": {
            "version": "16.10.2",
            "resolved": "https://registry.npmjs.org/@types/node/-/node-16.10.2.tgz",
            "integrity": "sha512-zCclL4/rx+W5SQTzFs9wyvvyCwoK9QtBpratqz2IYJ3O8Umrn0m3nsTv0wQBk9sRGpvUe9CwPDrQFB10f1FIjQ==",
            "dev": true
        },
        "node_modules/argparse": {
            "version": "2.0.1",
            "resolved": "https://registry.npmjs.org/argparse/-/argparse-2.0.1.tgz",
            "integrity": "sha512-8+9WqebbFzpX9OR+Wa6O29asIogeRMzcGtAINdpMHHyAg10f05aSFVBbcEqGf/PXw1EjAZ+q2/bEBg3DvurK3Q==",
            "dev": true
        },
        "node_modules/js-yaml": {
            "version": "4.1.0",
            "resolved": "https://registry.npmjs.org/js-yaml/-/js-yaml-4.1.0.tgz",
            "integrity": "sha512-wpxZs9NoxZaJESJGIZTyDEaYpl0FKSA+FB9aJiyemKhMwkxQg63h4T1KJgUGHpTqPDNRcmmYLugrRjJlBtWvRA==",
            "dev": true,
            "dependencies": {
                "argparse": "^2.0.1"
            },
            "bin": {
                "js-yaml": "bin/js-yaml.js"
            }
        },
        "node_modules/json5": {
            "version": "2.2.0",
            "resolved": "https://registry.npmjs.org/json5/-/json5-2.2.0.tgz",
            "integrity": "sha512-f+8cldu7X/y7RAJurMEJmdoKXGB/X550w2Nr3tTbezL6RwEE/iMcm+tZnXeoZtKuOq6ft8+CqzEkrIgx1fPoQA==",
            "dev": true,
            "dependencies": {
                "minimist": "^1.2.5"
            },
            "bin": {
                "json5": "lib/cli.js"
            },
            "engines": {
                "node": ">=6"
            }
        },
        "node_modules/jsonschema": {
            "version": "1.4.0",
            "resolved": "https://registry.npmjs.org/jsonschema/-/jsonschema-1.4.0.tgz",
            "integrity": "sha512-/YgW6pRMr6M7C+4o8kS+B/2myEpHCrxO4PEWnqJNBFMjn7EWXqlQ4tGwL6xTHeRplwuZmcAncdvfOad1nT2yMw==",
            "dev": true,
            "engines": {
                "node": "*"
            }
        },
        "node_modules/marked": {
            "version": "3.0.4",
            "resolved": "https://registry.npmjs.org/marked/-/marked-3.0.4.tgz",
            "integrity": "sha512-jBo8AOayNaEcvBhNobg6/BLhdsK3NvnKWJg33MAAPbvTWiG4QBn9gpW1+7RssrKu4K1dKlN+0goVQwV41xEfOA==",
            "dev": true,
            "bin": {
                "marked": "bin/marked"
            },
            "engines": {
                "node": ">= 12"
            }
        },
        "node_modules/minimist": {
            "version": "1.2.5",
            "resolved": "https://registry.npmjs.org/minimist/-/minimist-1.2.5.tgz",
            "integrity": "sha512-FM9nNUYrRBAELZQT3xeZQ7fmMOBg6nWNmJKTcgsJeaLstP/UODVpGsr5OhXhhXg6f+qtJ8uiZ+PUxkDWcgIXLw==",
            "dev": true
        },
        "node_modules/prettier": {
            "version": "2.4.1",
            "resolved": "https://registry.npmjs.org/prettier/-/prettier-2.4.1.tgz",
            "integrity": "sha512-9fbDAXSBcc6Bs1mZrDYb3XKzDLm4EXXL9sC1LqKP5rZkT6KRr/rf9amVUcODVXgguK/isJz0d0hP72WeaKWsvA==",
            "dev": true,
            "bin": {
                "prettier": "bin-prettier.js"
            },
            "engines": {
                "node": ">=10.13.0"
            }
        },
        "node_modules/typescript": {
            "version": "4.4.3",
            "resolved": "https://registry.npmjs.org/typescript/-/typescript-4.4.3.tgz",
            "integrity": "sha512-4xfscpisVgqqDfPaJo5vkd+Qd/ItkoagnHpufr+i2QCHBsNYp+G7UAoyFl8aPtx879u38wPV65rZ8qbGZijalA==",
            "dev": true,
            "bin": {
                "tsc": "bin/tsc",
                "tsserver": "bin/tsserver"
            },
            "engines": {
                "node": ">=4.2.0"
            }
        }
    },
    "dependencies": {
        "@expo-google-fonts/arimo": {
            "version": "0.2.0",
            "resolved": "https://registry.npmjs.org/@expo-google-fonts/arimo/-/arimo-0.2.0.tgz",
            "integrity": "sha512-SZ7XEonU/s5SeCdomwWUeFsu+R3deUi67rHlqxE/UjlJ427+FYnBZbADPnJQufBUl1iOyeEHysHe2W11uHVV0w==",
            "dev": true
        },
        "@expo-google-fonts/cousine": {
            "version": "0.2.0",
            "resolved": "https://registry.npmjs.org/@expo-google-fonts/cousine/-/cousine-0.2.0.tgz",
            "integrity": "sha512-07F4hULekQURmKsupWQRHI4Xlj1x+luEyKYsvNsEPzQbKF2ufDCbbI4jjebFTzk0NpRtF8fBxSXlqaiOUEdLlw==",
            "dev": true
        },
        "@expo-google-fonts/tinos": {
            "version": "0.2.0",
            "resolved": "https://registry.npmjs.org/@expo-google-fonts/tinos/-/tinos-0.2.0.tgz",
            "integrity": "sha512-p/RoJd2x/zE1H5ukSTCm1u0HtJyIYgWa/Y2LOFCbzH1ylY+lmCGIjVYYXKnKc82H5rMj7Lcf2RO2TnsV3oRAVg==",
            "dev": true
        },
        "@md-to-latex/converter": {
            "version": "1.0.1",
            "resolved": "https://registry.npmjs.org/@md-to-latex/converter/-/converter-1.0.1.tgz",
            "integrity": "sha512-xZjanZ10MR/3afP2eTMncS4HXTPPE0DhJ6yv2sVUg9z3MlVBKJe9VJh8CHbaSXkJTh8oKWCS/zFwrZ0Fu2j1dA==",
            "dev": true,
            "requires": {
                "js-yaml": "^4.1.0",
                "json5": "^2.2.0",
                "jsonschema": "^1.4.0",
                "marked": "^3.0.3"
            }
        },
        "@md-to-latex/title": {
            "version": "1.0.1",
            "resolved": "https://registry.npmjs.org/@md-to-latex/title/-/title-1.0.1.tgz",
            "integrity": "sha512-Lastfi3etKAaB6rq62tk40Lo1U6R7yk9s6RWZi80NOF/ykFgYaJeCUDB3/qdR2JXuQZaIGEVWK6T3vS29t7ulQ==",
            "dev": true,
            "requires": {
                "@expo-google-fonts/arimo": "^0.2.0",
                "@expo-google-fonts/cousine": "^0.2.0",
                "@expo-google-fonts/tinos": "^0.2.0",
                "js-yaml": "^4.1.0",
                "json5": "^2.2.0",
                "jsonschema": "^1.4.0"
            }
        },
        "@types/node": {
            "version": "16.10.2",
            "resolved": "https://registry.npmjs.org/@types/node/-/node-16.10.2.tgz",
            "integrity": "sha512-zCclL4/rx+W5SQTzFs9wyvvyCwoK9QtBpratqz2IYJ3O8Umrn0m3nsTv0wQBk9sRGpvUe9CwPDrQFB10f1FIjQ==",
            "dev": true
        },
        "argparse": {
            "version": "2.0.1",
            "resolved": "https://registry.npmjs.org/argparse/-/argparse-2.0.1.tgz",
            "integrity": "sha512-8+9WqebbFzpX9OR+Wa6O29asIogeRMzcGtAINdpMHHyAg10f05aSFVBbcEqGf/PXw1EjAZ+q2/bEBg3DvurK3Q==",
            "dev": true
        },
        "js-yaml": {
            "version": "4.1.0",
            "resolved": "https://registry.npmjs.org/js-yaml/-/js-yaml-4.1.0.tgz",
            "integrity": "sha512-wpxZs9NoxZaJESJGIZTyDEaYpl0FKSA+FB9aJiyemKhMwkxQg63h4T1KJgUGHpTqPDNRcmmYLugrRjJlBtWvRA==",
            "dev": true,
            "requires": {
                "argparse": "^2.0.1"
            }
        },
        "json5": {
            "version": "2.2.0",
            "resolved": "https://registry.npmjs.org/json5/-/json5-2.2.0.tgz",
            "integrity": "sha512-f+8cldu7X/y7RAJurMEJmdoKXGB/X550w2Nr3tTbezL6RwEE/iMcm+tZnXeoZtKuOq6ft8+CqzEkrIgx1fPoQA==",
            "dev": true,
            "requires": {
                "minimist": "^1.2.5"
            }
        },
        "jsonschema": {
            "version": "1.4.0",
            "resolved": "https://registry.npmjs.org/jsonschema/-/jsonschema-1.4.0.tgz",
            "integrity": "sha512-/YgW6pRMr6M7C+4o8kS+B/2myEpHCrxO4PEWnqJNBFMjn7EWXqlQ4tGwL6xTHeRplwuZmcAncdvfOad1nT2yMw==",
            "dev": true
        },
        "marked": {
            "version": "3.0.4",
            "resolved": "https://registry.npmjs.org/marked/-/marked-3.0.4.tgz",
            "integrity": "sha512-jBo8AOayNaEcvBhNobg6/BLhdsK3NvnKWJg33MAAPbvTWiG4QBn9gpW1+7RssrKu4K1dKlN+0goVQwV41xEfOA==",
            "dev": true
        },
        "minimist": {
            "version": "1.2.5",
            "resolved": "https://registry.npmjs.org/minimist/-/minimist-1.2.5.tgz",
            "integrity": "sha512-FM9nNUYrRBAELZQT3xeZQ7fmMOBg6nWNmJKTcgsJeaLstP/UODVpGsr5OhXhhXg6f+qtJ8uiZ+PUxkDWcgIXLw==",
            "dev": true
        },
        "prettier": {
            "version": "2.4.1",
            "resolved": "https://registry.npmjs.org/prettier/-/prettier-2.4.1.tgz",
            "integrity": "sha512-9fbDAXSBcc6Bs1mZrDYb3XKzDLm4EXXL9sC1LqKP5rZkT6KRr/rf9amVUcODVXgguK/isJz0d0hP72WeaKWsvA==",
            "dev": true
        },
        "typescript": {
            "version": "4.4.3",
            "resolved": "https://registry.npmjs.org/typescript/-/typescript-4.4.3.tgz",
            "integrity": "sha512-4xfscpisVgqqDfPaJo5vkd+Qd/ItkoagnHpufr+i2QCHBsNYp+G7UAoyFl8aPtx879u38wPV65rZ8qbGZijalA==",
            "dev": true
        }
    }
}
